
Microsoft Visual Studio Solution File, Format Version 12.00
# Visual Studio Version 17
VisualStudioVersion = 17.0.31903.59
MinimumVisualStudioVersion = 10.0.40219.1
Project("{FAE04EC0-301F-11D3-BF4B-00C04F79EFBC}") = "MyApiTemplate", "MyApiTemplate\MyApiTemplate.csproj", "{31376A66-E06A-4ECB-B2E8-183DB5511CF5}"
EndProject
Project("{FAE04EC0-301F-11D3-BF4B-00C04F79EFBC}") = "Db2Crud", "Db2Crud\Db2Crud.csproj", "{4F1764E7-C3D2-4352-9749-53C46061066F}"
EndProject
Global
	GlobalSection(SolutionConfigurationPlatforms) = preSolution
		Debug|Any CPU = Debug|Any CPU
		Debug|x64 = Debug|x64
		Debug|x86 = Debug|x86
		Release|Any CPU = Release|Any CPU
		Release|x64 = Release|x64
		Release|x86 = Release|x86
	EndGlobalSection
	GlobalSection(ProjectConfigurationPlatforms) = postSolution
		{31376A66-E06A-4ECB-B2E8-183DB5511CF5}.Debug|Any CPU.ActiveCfg = Debug|Any CPU
		{31376A66-E06A-4ECB-B2E8-183DB5511CF5}.Debug|Any CPU.Build.0 = Debug|Any CPU
		{31376A66-E06A-4ECB-B2E8-183DB5511CF5}.Debug|x64.ActiveCfg = Debug|Any CPU
		{31376A66-E06A-4ECB-B2E8-183DB5511CF5}.Debug|x64.Build.0 = Debug|Any CPU
		{31376A66-E06A-4ECB-B2E8-183DB5511CF5}.Debug|x86.ActiveCfg = Debug|Any CPU
		{31376A66-E06A-4ECB-B2E8-183DB5511CF5}.Debug|x86.Build.0 = Debug|Any CPU
		{31376A66-E06A-4ECB-B2E8-183DB5511CF5}.Release|Any CPU.ActiveCfg = Release|Any CPU
		{31376A66-E06A-4ECB-B2E8-183DB5511CF5}.Release|Any CPU.Build.0 = Release|Any CPU
		{31376A66-E06A-4ECB-B2E8-183DB5511CF5}.Release|x64.ActiveCfg = Release|Any CPU
		{31376A66-E06A-4ECB-B2E8-183DB5511CF5}.Release|x64.Build.0 = Release|Any CPU
		{31376A66-E06A-4ECB-B2E8-183DB5511CF5}.Release|x86.ActiveCfg = Release|Any CPU
		{31376A66-E06A-4ECB-B2E8-183DB5511CF5}.Release|x86.Build.0 = Release|Any CPU
		{4F1764E7-C3D2-4352-9749-53C46061066F}.Debug|Any CPU.ActiveCfg = Debug|Any CPU
		{4F1764E7-C3D2-4352-9749-53C46061066F}.Debug|Any CPU.Build.0 = Debug|Any CPU
		{4F1764E7-C3D2-4352-9749-53C46061066F}.Debug|x64.ActiveCfg = Debug|Any CPU
		{4F1764E7-C3D2-4352-9749-53C46061066F}.Debug|x64.Build.0 = Debug|Any CPU
		{4F1764E7-C3D2-4352-9749-53C46061066F}.Debug|x86.ActiveCfg = Debug|Any CPU
		{4F1764E7-C3D2-4352-9749-53C46061066F}.Debug|x86.Build.0 = Debug|Any CPU
		{4F1764E7-C3D2-4352-9749-53C46061066F}.Release|Any CPU.ActiveCfg = Release|Any CPU
		{4F1764E7-C3D2-4352-9749-53C46061066F}.Release|Any CPU.Build.0 = Release|Any CPU
		{4F1764E7-C3D2-4352-9749-53C46061066F}.Release|x64.ActiveCfg = Release|Any CPU
		{4F1764E7-C3D2-4352-9749-53C46061066F}.Release|x64.Build.0 = Release|Any CPU
		{4F1764E7-C3D2-4352-9749-53C46061066F}.Release|x86.ActiveCfg = Release|Any CPU
		{4F1764E7-C3D2-4352-9749-53C46061066F}.Release|x86.Build.0 = Release|Any CPU
	EndGlobalSection
	GlobalSection(SolutionProperties) = preSolution
		HideSolutionNode = FALSE
	EndGlobalSection
EndGlobal
